# This is a Gradle generated file for dependency locking.
# Manual edits can break the build and are not advised.
# This file is expected to be part of source control.
androidx.activity:activity-compose:1.9.0=debugCompileClasspath,debugRuntimeClasspath,releaseCompileClasspath,releaseRuntimeClasspath
androidx.activity:activity-ktx:1.9.0=debugCompileClasspath,debugRuntimeClasspath,releaseCompileClasspath,releaseRuntimeClasspath
androidx.activity:activity:1.9.0=debugCompileClasspath,debugRuntimeClasspath,releaseCompileClasspath,releaseRuntimeClasspath
androidx.annotation:annotation-experimental:1.4.0=debugCompileClasspath,debugRuntimeClasspath,releaseCompileClasspath,releaseRuntimeClasspath
androidx.annotation:annotation-jvm:1.8.0=debugCompileClasspath,debugRuntimeClasspath,releaseCompileClasspath,releaseRuntimeClasspath
androidx.annotation:annotation:1.8.0=debugCompileClasspath,debugRuntimeClasspath,releaseCompileClasspath,releaseRuntimeClasspath
androidx.appcompat:appcompat-resources:1.6.1=debugCompileClasspath,debugRuntimeClasspath,releaseCompileClasspath,releaseRuntimeClasspath
androidx.appcompat:appcompat:1.6.1=debugCompileClasspath,debugRuntimeClasspath,releaseCompileClasspath,releaseRuntimeClasspath
androidx.arch.core:core-common:2.2.0=debugCompileClasspath,debugRuntimeClasspath,releaseCompileClasspath,releaseRuntimeClasspath
androidx.arch.core:core-runtime:2.2.0=debugCompileClasspath,debugRuntimeClasspath,releaseCompileClasspath,releaseRuntimeClasspath
androidx.autofill:autofill:1.0.0=debugRuntimeClasspath,releaseRuntimeClasspath
androidx.cardview:cardview:1.0.0=debugCompileClasspath,debugRuntimeClasspath,releaseCompileClasspath,releaseRuntimeClasspath
androidx.collection:collection-jvm:1.4.0=debugCompileClasspath,debugRuntimeClasspath,releaseCompileClasspath,releaseRuntimeClasspath
androidx.collection:collection-ktx:1.4.0=debugRuntimeClasspath,releaseRuntimeClasspath
androidx.collection:collection:1.4.0=debugCompileClasspath,debugRuntimeClasspath,releaseCompileClasspath,releaseRuntimeClasspath
androidx.compose.animation:animation-android:1.7.0-beta03=debugCompileClasspath,debugRuntimeClasspath,releaseCompileClasspath,releaseRuntimeClasspath
androidx.compose.animation:animation-core-android:1.7.0-beta03=debugCompileClasspath,debugRuntimeClasspath,releaseCompileClasspath,releaseRuntimeClasspath
androidx.compose.animation:animation-core:1.7.0-beta03=debugCompileClasspath,debugRuntimeClasspath,releaseCompileClasspath,releaseRuntimeClasspath
androidx.compose.animation:animation:1.7.0-beta03=debugCompileClasspath,debugRuntimeClasspath,releaseCompileClasspath,releaseRuntimeClasspath
androidx.compose.foundation:foundation-android:1.7.0-beta03=debugCompileClasspath,debugRuntimeClasspath,releaseCompileClasspath,releaseRuntimeClasspath
androidx.compose.foundation:foundation-layout-android:1.7.0-beta03=debugCompileClasspath,debugRuntimeClasspath,releaseCompileClasspath,releaseRuntimeClasspath
androidx.compose.foundation:foundation-layout:1.7.0-beta03=debugCompileClasspath,debugRuntimeClasspath,releaseCompileClasspath,releaseRuntimeClasspath
androidx.compose.foundation:foundation:1.7.0-beta03=debugCompileClasspath,debugRuntimeClasspath,releaseCompileClasspath,releaseRuntimeClasspath
androidx.compose.material3:material3-android:1.2.1=debugCompileClasspath,debugRuntimeClasspath,releaseCompileClasspath,releaseRuntimeClasspath
androidx.compose.material3:material3:1.2.1=debugCompileClasspath,debugRuntimeClasspath,releaseCompileClasspath,releaseRuntimeClasspath
androidx.compose.material:material-android:1.6.0=debugRuntimeClasspath,releaseRuntimeClasspath
androidx.compose.material:material-icons-core-android:1.7.0-beta03=debugCompileClasspath,debugRuntimeClasspath,releaseCompileClasspath,releaseRuntimeClasspath
androidx.compose.material:material-icons-core:1.7.0-beta03=debugCompileClasspath,debugRuntimeClasspath,releaseCompileClasspath,releaseRuntimeClasspath
androidx.compose.material:material-icons-extended-android:1.7.0-beta03=debugCompileClasspath,debugRuntimeClasspath,releaseCompileClasspath,releaseRuntimeClasspath
androidx.compose.material:material-icons-extended:1.7.0-beta03=debugCompileClasspath,debugRuntimeClasspath,releaseCompileClasspath,releaseRuntimeClasspath
androidx.compose.material:material-ripple-android:1.6.0=debugCompileClasspath,debugRuntimeClasspath,releaseCompileClasspath,releaseRuntimeClasspath
androidx.compose.material:material-ripple:1.6.0=debugCompileClasspath,debugRuntimeClasspath,releaseCompileClasspath,releaseRuntimeClasspath
androidx.compose.material:material:1.6.0=debugRuntimeClasspath,releaseRuntimeClasspath
androidx.compose.runtime:runtime-android:1.7.0-beta03=debugCompileClasspath,debugRuntimeClasspath,releaseCompileClasspath,releaseRuntimeClasspath
androidx.compose.runtime:runtime-saveable-android:1.7.0-beta03=debugCompileClasspath,debugRuntimeClasspath,releaseCompileClasspath,releaseRuntimeClasspath
androidx.compose.runtime:runtime-saveable:1.7.0-beta03=debugCompileClasspath,debugRuntimeClasspath,releaseCompileClasspath,releaseRuntimeClasspath
androidx.compose.runtime:runtime:1.7.0-beta03=debugCompileClasspath,debugRuntimeClasspath,releaseCompileClasspath,releaseRuntimeClasspath
androidx.compose.ui:ui-android:1.7.0-beta03=debugCompileClasspath,debugRuntimeClasspath,releaseCompileClasspath,releaseRuntimeClasspath
androidx.compose.ui:ui-geometry-android:1.7.0-beta03=debugCompileClasspath,debugRuntimeClasspath,releaseCompileClasspath,releaseRuntimeClasspath
androidx.compose.ui:ui-geometry:1.7.0-beta03=debugCompileClasspath,debugRuntimeClasspath,releaseCompileClasspath,releaseRuntimeClasspath
androidx.compose.ui:ui-graphics-android:1.7.0-beta03=debugCompileClasspath,debugRuntimeClasspath,releaseCompileClasspath,releaseRuntimeClasspath
androidx.compose.ui:ui-graphics:1.7.0-beta03=debugCompileClasspath,debugRuntimeClasspath,releaseCompileClasspath,releaseRuntimeClasspath
androidx.compose.ui:ui-text-android:1.7.0-beta03=debugCompileClasspath,debugRuntimeClasspath,releaseCompileClasspath,releaseRuntimeClasspath
androidx.compose.ui:ui-text:1.7.0-beta03=debugCompileClasspath,debugRuntimeClasspath,releaseCompileClasspath,releaseRuntimeClasspath
androidx.compose.ui:ui-tooling-android:1.7.0-beta03=debugCompileClasspath,debugRuntimeClasspath,releaseCompileClasspath,releaseRuntimeClasspath
androidx.compose.ui:ui-tooling-data-android:1.7.0-beta03=debugCompileClasspath,debugRuntimeClasspath,releaseCompileClasspath,releaseRuntimeClasspath
androidx.compose.ui:ui-tooling-data:1.7.0-beta03=debugCompileClasspath,debugRuntimeClasspath,releaseCompileClasspath,releaseRuntimeClasspath
androidx.compose.ui:ui-tooling-preview-android:1.7.0-beta03=debugCompileClasspath,debugRuntimeClasspath,releaseCompileClasspath,releaseRuntimeClasspath
androidx.compose.ui:ui-tooling-preview:1.7.0-beta03=debugCompileClasspath,debugRuntimeClasspath,releaseCompileClasspath,releaseRuntimeClasspath
androidx.compose.ui:ui-tooling:1.7.0-beta03=debugCompileClasspath,debugRuntimeClasspath,releaseCompileClasspath,releaseRuntimeClasspath
androidx.compose.ui:ui-unit-android:1.7.0-beta03=debugCompileClasspath,debugRuntimeClasspath,releaseCompileClasspath,releaseRuntimeClasspath
androidx.compose.ui:ui-unit:1.7.0-beta03=debugCompileClasspath,debugRuntimeClasspath,releaseCompileClasspath,releaseRuntimeClasspath
androidx.compose.ui:ui-util-android:1.7.0-beta03=debugCompileClasspath,debugRuntimeClasspath,releaseCompileClasspath,releaseRuntimeClasspath
androidx.compose.ui:ui-util:1.7.0-beta03=debugCompileClasspath,debugRuntimeClasspath,releaseCompileClasspath,releaseRuntimeClasspath
androidx.compose.ui:ui:1.7.0-beta03=debugCompileClasspath,debugRuntimeClasspath,releaseCompileClasspath,releaseRuntimeClasspath
androidx.concurrent:concurrent-futures:1.1.0=debugRuntimeClasspath,releaseRuntimeClasspath
androidx.constraintlayout:constraintlayout-compose:1.0.1=debugCompileClasspath,debugRuntimeClasspath,releaseCompileClasspath,releaseRuntimeClasspath
androidx.constraintlayout:constraintlayout-core:1.0.4=debugRuntimeClasspath,releaseRuntimeClasspath
androidx.constraintlayout:constraintlayout-solver:2.0.1=debugCompileClasspath,debugRuntimeClasspath,releaseCompileClasspath,releaseRuntimeClasspath
androidx.constraintlayout:constraintlayout:2.0.1=debugCompileClasspath,debugRuntimeClasspath,releaseCompileClasspath,releaseRuntimeClasspath
androidx.coordinatorlayout:coordinatorlayout:1.1.0=debugCompileClasspath,debugRuntimeClasspath,releaseCompileClasspath,releaseRuntimeClasspath
androidx.core:core-ktx:1.13.1=debugCompileClasspath,debugRuntimeClasspath,releaseCompileClasspath,releaseRuntimeClasspath
androidx.core:core-splashscreen:1.0.1=debugCompileClasspath,debugRuntimeClasspath,releaseCompileClasspath,releaseRuntimeClasspath
androidx.core:core:1.13.1=debugCompileClasspath,debugRuntimeClasspath,releaseCompileClasspath,releaseRuntimeClasspath
androidx.cursoradapter:cursoradapter:1.0.0=debugCompileClasspath,debugRuntimeClasspath,releaseCompileClasspath,releaseRuntimeClasspath
androidx.customview:customview-poolingcontainer:1.0.0=debugRuntimeClasspath,releaseRuntimeClasspath
androidx.customview:customview:1.1.0=debugCompileClasspath,debugRuntimeClasspath,releaseCompileClasspath,releaseRuntimeClasspath
androidx.documentfile:documentfile:1.0.0=debugCompileClasspath,debugRuntimeClasspath,releaseCompileClasspath,releaseRuntimeClasspath
androidx.drawerlayout:drawerlayout:1.1.1=debugCompileClasspath,debugRuntimeClasspath,releaseCompileClasspath,releaseRuntimeClasspath
androidx.dynamicanimation:dynamicanimation:1.0.0=debugCompileClasspath,debugRuntimeClasspath,releaseCompileClasspath,releaseRuntimeClasspath
androidx.emoji2:emoji2-views-helper:1.3.0=debugRuntimeClasspath,releaseRuntimeClasspath
androidx.emoji2:emoji2:1.3.0=debugRuntimeClasspath,releaseRuntimeClasspath
androidx.exifinterface:exifinterface:1.3.6=debugRuntimeClasspath,releaseRuntimeClasspath
androidx.fragment:fragment:1.3.6=debugCompileClasspath,debugRuntimeClasspath,releaseCompileClasspath,releaseRuntimeClasspath
androidx.graphics:graphics-path:1.0.1=debugRuntimeClasspath,releaseRuntimeClasspath
androidx.interpolator:interpolator:1.0.0=debugCompileClasspath,debugRuntimeClasspath,releaseCompileClasspath,releaseRuntimeClasspath
androidx.legacy:legacy-support-core-utils:1.0.0=debugCompileClasspath,debugRuntimeClasspath,releaseCompileClasspath,releaseRuntimeClasspath
androidx.lifecycle:lifecycle-common-java8:2.8.2=debugRuntimeClasspath,releaseRuntimeClasspath
androidx.lifecycle:lifecycle-common-jvm:2.8.2=debugCompileClasspath,debugRuntimeClasspath,releaseCompileClasspath,releaseRuntimeClasspath
androidx.lifecycle:lifecycle-common:2.8.2=debugCompileClasspath,debugRuntimeClasspath,releaseCompileClasspath,releaseRuntimeClasspath
androidx.lifecycle:lifecycle-livedata-core-ktx:2.8.2=debugCompileClasspath,debugRuntimeClasspath,releaseCompileClasspath,releaseRuntimeClasspath
androidx.lifecycle:lifecycle-livedata-core:2.8.2=debugCompileClasspath,debugRuntimeClasspath,releaseCompileClasspath,releaseRuntimeClasspath
androidx.lifecycle:lifecycle-livedata-ktx:2.8.2=debugCompileClasspath,debugRuntimeClasspath,releaseCompileClasspath,releaseRuntimeClasspath
androidx.lifecycle:lifecycle-livedata:2.8.2=debugCompileClasspath,debugRuntimeClasspath,releaseCompileClasspath,releaseRuntimeClasspath
androidx.lifecycle:lifecycle-process:2.8.2=debugRuntimeClasspath,releaseRuntimeClasspath
androidx.lifecycle:lifecycle-runtime-android:2.8.2=debugCompileClasspath,debugRuntimeClasspath,releaseCompileClasspath,releaseRuntimeClasspath
androidx.lifecycle:lifecycle-runtime-compose-android:2.8.2=debugCompileClasspath,debugRuntimeClasspath,releaseCompileClasspath,releaseRuntimeClasspath
androidx.lifecycle:lifecycle-runtime-compose:2.8.2=debugCompileClasspath,debugRuntimeClasspath,releaseCompileClasspath,releaseRuntimeClasspath
androidx.lifecycle:lifecycle-runtime-ktx-android:2.8.2=debugCompileClasspath,debugRuntimeClasspath,releaseCompileClasspath,releaseRuntimeClasspath
androidx.lifecycle:lifecycle-runtime-ktx:2.8.2=debugCompileClasspath,debugRuntimeClasspath,releaseCompileClasspath,releaseRuntimeClasspath
androidx.lifecycle:lifecycle-runtime:2.8.2=debugCompileClasspath,debugRuntimeClasspath,releaseCompileClasspath,releaseRuntimeClasspath
androidx.lifecycle:lifecycle-viewmodel-android:2.8.2=debugCompileClasspath,debugRuntimeClasspath,releaseCompileClasspath,releaseRuntimeClasspath
androidx.lifecycle:lifecycle-viewmodel-compose-android:2.8.2=debugCompileClasspath,debugRuntimeClasspath,releaseCompileClasspath,releaseRuntimeClasspath
androidx.lifecycle:lifecycle-viewmodel-compose:2.8.2=debugCompileClasspath,debugRuntimeClasspath,releaseCompileClasspath,releaseRuntimeClasspath
androidx.lifecycle:lifecycle-viewmodel-ktx:2.8.2=debugCompileClasspath,debugRuntimeClasspath,releaseCompileClasspath,releaseRuntimeClasspath
androidx.lifecycle:lifecycle-viewmodel-savedstate:2.8.2=debugCompileClasspath,debugRuntimeClasspath,releaseCompileClasspath,releaseRuntimeClasspath
androidx.lifecycle:lifecycle-viewmodel:2.8.2=debugCompileClasspath,debugRuntimeClasspath,releaseCompileClasspath,releaseRuntimeClasspath
androidx.loader:loader:1.0.0=debugCompileClasspath,debugRuntimeClasspath,releaseCompileClasspath,releaseRuntimeClasspath
androidx.localbroadcastmanager:localbroadcastmanager:1.0.0=debugCompileClasspath,debugRuntimeClasspath,releaseCompileClasspath,releaseRuntimeClasspath
androidx.paging:paging-common-android:3.3.0=debugCompileClasspath,debugRuntimeClasspath,releaseCompileClasspath,releaseRuntimeClasspath
androidx.paging:paging-common-ktx:3.3.0=debugCompileClasspath,debugRuntimeClasspath,releaseCompileClasspath,releaseRuntimeClasspath
androidx.paging:paging-common:3.3.0=debugCompileClasspath,debugRuntimeClasspath,releaseCompileClasspath,releaseRuntimeClasspath
androidx.paging:paging-compose-android:3.3.0=debugCompileClasspath,debugRuntimeClasspath,releaseCompileClasspath,releaseRuntimeClasspath
androidx.paging:paging-compose:3.3.0=debugCompileClasspath,debugRuntimeClasspath,releaseCompileClasspath,releaseRuntimeClasspath
androidx.paging:paging-runtime:3.3.0=debugCompileClasspath,debugRuntimeClasspath,releaseCompileClasspath,releaseRuntimeClasspath
androidx.print:print:1.0.0=debugCompileClasspath,debugRuntimeClasspath,releaseCompileClasspath,releaseRuntimeClasspath
androidx.profileinstaller:profileinstaller:1.3.1=debugRuntimeClasspath,releaseRuntimeClasspath
androidx.recyclerview:recyclerview:1.2.1=debugCompileClasspath,debugRuntimeClasspath,releaseCompileClasspath,releaseRuntimeClasspath
androidx.resourceinspection:resourceinspection-annotation:1.0.1=debugCompileClasspath,debugRuntimeClasspath,releaseCompileClasspath,releaseRuntimeClasspath
androidx.savedstate:savedstate-ktx:1.2.1=debugCompileClasspath,debugRuntimeClasspath,releaseCompileClasspath,releaseRuntimeClasspath
androidx.savedstate:savedstate:1.2.1=debugCompileClasspath,debugRuntimeClasspath,releaseCompileClasspath,releaseRuntimeClasspath
androidx.startup:startup-runtime:1.1.1=debugRuntimeClasspath,releaseRuntimeClasspath
androidx.tracing:tracing:1.0.0=debugRuntimeClasspath,releaseRuntimeClasspath
androidx.transition:transition:1.5.0=debugCompileClasspath,debugRuntimeClasspath,releaseCompileClasspath,releaseRuntimeClasspath
androidx.vectordrawable:vectordrawable-animated:1.1.0=debugCompileClasspath,debugRuntimeClasspath,releaseCompileClasspath,releaseRuntimeClasspath
androidx.vectordrawable:vectordrawable:1.1.0=debugCompileClasspath,debugRuntimeClasspath,releaseCompileClasspath,releaseRuntimeClasspath
androidx.versionedparcelable:versionedparcelable:1.1.1=debugCompileClasspath,debugRuntimeClasspath,releaseCompileClasspath,releaseRuntimeClasspath
androidx.viewpager2:viewpager2:1.0.0=debugCompileClasspath,debugRuntimeClasspath,releaseCompileClasspath,releaseRuntimeClasspath
androidx.viewpager:viewpager:1.0.0=debugCompileClasspath,debugRuntimeClasspath,releaseCompileClasspath,releaseRuntimeClasspath
app.cash.better.dynamic.features:runtime-jvm:0.4.1=debugCompileClasspath,debugRuntimeClasspath,releaseCompileClasspath,releaseRuntimeClasspath
app.cash.better.dynamic.features:runtime:0.4.1=debugCompileClasspath,debugRuntimeClasspath,releaseCompileClasspath,releaseRuntimeClasspath
com.benasher44:uuid-jvm:0.8.4=debugRuntimeClasspath,releaseRuntimeClasspath
com.benasher44:uuid:0.8.4=debugRuntimeClasspath,releaseRuntimeClasspath
com.google.accompanist:accompanist-drawablepainter:0.32.0=debugRuntimeClasspath,releaseRuntimeClasspath
com.google.accompanist:accompanist-placeholder-material:0.13.0=debugCompileClasspath,debugRuntimeClasspath,releaseCompileClasspath,releaseRuntimeClasspath
com.google.accompanist:accompanist-placeholder:0.13.0=debugCompileClasspath,debugRuntimeClasspath,releaseCompileClasspath,releaseRuntimeClasspath
com.google.android.gms:play-services-basement:18.1.0=debugCompileClasspath,debugRuntimeClasspath,releaseCompileClasspath,releaseRuntimeClasspath
com.google.android.gms:play-services-tasks:18.0.2=debugCompileClasspath,debugRuntimeClasspath,releaseCompileClasspath,releaseRuntimeClasspath
com.google.android.material:material:1.12.0=debugCompileClasspath,debugRuntimeClasspath,releaseCompileClasspath,releaseRuntimeClasspath
com.google.android.play:core-common:2.0.3=debugCompileClasspath,debugRuntimeClasspath,releaseCompileClasspath,releaseRuntimeClasspath
com.google.android.play:feature-delivery-ktx:2.1.0=debugCompileClasspath,debugRuntimeClasspath,releaseCompileClasspath,releaseRuntimeClasspath
com.google.android.play:feature-delivery:2.1.0=debugCompileClasspath,debugRuntimeClasspath,releaseCompileClasspath,releaseRuntimeClasspath
com.google.dagger:dagger:2.51.1=debugCompileClasspath,debugRuntimeClasspath,releaseCompileClasspath,releaseRuntimeClasspath
com.google.errorprone:error_prone_annotations:2.15.0=debugRuntimeClasspath,releaseRuntimeClasspath
com.google.guava:listenablefuture:1.0=debugRuntimeClasspath,releaseRuntimeClasspath
com.jakewharton.timber:timber:5.0.1=debugCompileClasspath,debugRuntimeClasspath,releaseCompileClasspath,releaseRuntimeClasspath
com.slack.circuit:circuit-backstack-android:0.22.2=debugCompileClasspath,debugRuntimeClasspath,releaseCompileClasspath,releaseRuntimeClasspath
com.slack.circuit:circuit-backstack:0.22.2=debugCompileClasspath,debugRuntimeClasspath,releaseCompileClasspath,releaseRuntimeClasspath
com.slack.circuit:circuit-codegen-annotations-android:0.22.2=debugCompileClasspath,debugRuntimeClasspath,releaseCompileClasspath,releaseRuntimeClasspath
com.slack.circuit:circuit-codegen-annotations:0.22.2=debugCompileClasspath,debugRuntimeClasspath,releaseCompileClasspath,releaseRuntimeClasspath
com.slack.circuit:circuit-foundation-android:0.22.2=debugCompileClasspath,debugRuntimeClasspath,releaseCompileClasspath,releaseRuntimeClasspath
com.slack.circuit:circuit-foundation:0.22.2=debugCompileClasspath,debugRuntimeClasspath,releaseCompileClasspath,releaseRuntimeClasspath
com.slack.circuit:circuit-retained-android:0.22.2=debugCompileClasspath,debugRuntimeClasspath,releaseCompileClasspath,releaseRuntimeClasspath
com.slack.circuit:circuit-retained:0.22.2=debugCompileClasspath,debugRuntimeClasspath,releaseCompileClasspath,releaseRuntimeClasspath
com.slack.circuit:circuit-runtime-android:0.22.2=debugCompileClasspath,debugRuntimeClasspath,releaseCompileClasspath,releaseRuntimeClasspath
com.slack.circuit:circuit-runtime-presenter-android:0.22.2=debugCompileClasspath,debugRuntimeClasspath,releaseCompileClasspath,releaseRuntimeClasspath
com.slack.circuit:circuit-runtime-presenter:0.22.2=debugCompileClasspath,debugRuntimeClasspath,releaseCompileClasspath,releaseRuntimeClasspath
com.slack.circuit:circuit-runtime-screen-android:0.22.2=debugCompileClasspath,debugRuntimeClasspath,releaseCompileClasspath,releaseRuntimeClasspath
com.slack.circuit:circuit-runtime-screen:0.22.2=debugCompileClasspath,debugRuntimeClasspath,releaseCompileClasspath,releaseRuntimeClasspath
com.slack.circuit:circuit-runtime-ui-android:0.22.2=debugCompileClasspath,debugRuntimeClasspath,releaseCompileClasspath,releaseRuntimeClasspath
com.slack.circuit:circuit-runtime-ui:0.22.2=debugCompileClasspath,debugRuntimeClasspath,releaseCompileClasspath,releaseRuntimeClasspath
com.slack.circuit:circuit-runtime:0.22.2=debugCompileClasspath,debugRuntimeClasspath,releaseCompileClasspath,releaseRuntimeClasspath
com.slack.circuit:circuitx-effects-android:0.22.2=debugCompileClasspath,debugRuntimeClasspath,releaseCompileClasspath,releaseRuntimeClasspath
com.slack.circuit:circuitx-effects:0.22.2=debugCompileClasspath,debugRuntimeClasspath,releaseCompileClasspath,releaseRuntimeClasspath
com.squareup.anvil:annotations:2.4.9=debugCompileClasspath,debugRuntimeClasspath,releaseCompileClasspath,releaseRuntimeClasspath
com.squareup.moshi:moshi-kotlin:1.15.1=debugCompileClasspath,debugRuntimeClasspath,releaseCompileClasspath,releaseRuntimeClasspath
com.squareup.moshi:moshi:1.15.1=debugCompileClasspath,debugRuntimeClasspath,releaseCompileClasspath,releaseRuntimeClasspath
com.squareup.okhttp3:okhttp:4.12.0=debugCompileClasspath,debugRuntimeClasspath,releaseCompileClasspath,releaseRuntimeClasspath
com.squareup.okio:okio-jvm:3.7.0=debugCompileClasspath,debugRuntimeClasspath,releaseCompileClasspath,releaseRuntimeClasspath
com.squareup.okio:okio:3.7.0=debugCompileClasspath,debugRuntimeClasspath,releaseCompileClasspath,releaseRuntimeClasspath
com.squareup.retrofit2:converter-moshi:2.11.0=debugRuntimeClasspath,releaseRuntimeClasspath
com.squareup.retrofit2:retrofit:2.11.0=debugCompileClasspath,debugRuntimeClasspath,releaseCompileClasspath,releaseRuntimeClasspath
io.coil-kt:coil-base:2.5.0=debugCompileClasspath,debugRuntimeClasspath,releaseCompileClasspath,releaseRuntimeClasspath
io.coil-kt:coil-compose-base:2.5.0=debugCompileClasspath,debugRuntimeClasspath,releaseCompileClasspath,releaseRuntimeClasspath
io.coil-kt:coil-compose:2.5.0=debugCompileClasspath,debugRuntimeClasspath,releaseCompileClasspath,releaseRuntimeClasspath
io.coil-kt:coil:2.5.0=debugCompileClasspath,debugRuntimeClasspath,releaseCompileClasspath,releaseRuntimeClasspath
io.github.aakira:napier-android-debug:1.4.1=debugRuntimeClasspath
io.github.aakira:napier-android:1.4.1=releaseRuntimeClasspath
io.github.aakira:napier:1.4.1=debugRuntimeClasspath,releaseRuntimeClasspath
javax.inject:javax.inject:1=debugCompileClasspath,debugRuntimeClasspath,releaseCompileClasspath,releaseRuntimeClasspath
org.jetbrains.compose.foundation:foundation:1.6.11=debugCompileClasspath,debugRuntimeClasspath,releaseCompileClasspath,releaseRuntimeClasspath
org.jetbrains.compose.runtime:runtime-saveable:1.6.11=debugCompileClasspath,debugRuntimeClasspath,releaseCompileClasspath,releaseRuntimeClasspath
org.jetbrains.compose.runtime:runtime:1.6.11=debugCompileClasspath,debugRuntimeClasspath,releaseCompileClasspath,releaseRuntimeClasspath
org.jetbrains.compose.ui:ui:1.6.11=debugCompileClasspath,debugRuntimeClasspath,releaseCompileClasspath,releaseRuntimeClasspath
org.jetbrains.kotlin:kotlin-android-extensions-runtime:2.0.0=debugCompileClasspath,debugRuntimeClasspath,releaseCompileClasspath,releaseRuntimeClasspath
org.jetbrains.kotlin:kotlin-bom:2.0.0=debugRuntimeClasspath,releaseRuntimeClasspath
org.jetbrains.kotlin:kotlin-parcelize-runtime:2.0.0=debugCompileClasspath,debugRuntimeClasspath,releaseCompileClasspath,releaseRuntimeClasspath
org.jetbrains.kotlin:kotlin-reflect:2.0.0=debugCompileClasspath,debugRuntimeClasspath,releaseCompileClasspath,releaseRuntimeClasspath
org.jetbrains.kotlin:kotlin-stdlib-common:2.0.0=debugRuntimeClasspath,releaseRuntimeClasspath
org.jetbrains.kotlin:kotlin-stdlib-jdk7:2.0.0=debugCompileClasspath,debugRuntimeClasspath,releaseCompileClasspath,releaseRuntimeClasspath
org.jetbrains.kotlin:kotlin-stdlib-jdk8:2.0.0=debugCompileClasspath,debugRuntimeClasspath,releaseCompileClasspath,releaseRuntimeClasspath
org.jetbrains.kotlin:kotlin-stdlib:2.0.0=debugCompileClasspath,debugRuntimeClasspath,releaseCompileClasspath,releaseRuntimeClasspath
org.jetbrains.kotlinx:atomicfu-jvm:0.24.0=debugRuntimeClasspath,releaseRuntimeClasspath
org.jetbrains.kotlinx:atomicfu:0.24.0=debugRuntimeClasspath,releaseRuntimeClasspath
org.jetbrains.kotlinx:kotlinx-collections-immutable-jvm:0.3.7=debugCompileClasspath,debugRuntimeClasspath,releaseCompileClasspath,releaseRuntimeClasspath
org.jetbrains.kotlinx:kotlinx-collections-immutable:0.3.7=debugCompileClasspath,debugRuntimeClasspath,releaseCompileClasspath,releaseRuntimeClasspath
org.jetbrains.kotlinx:kotlinx-coroutines-android:1.8.1=debugCompileClasspath,debugRuntimeClasspath,releaseCompileClasspath,releaseRuntimeClasspath
org.jetbrains.kotlinx:kotlinx-coroutines-bom:1.8.1=debugCompileClasspath,debugRuntimeClasspath,releaseCompileClasspath,releaseRuntimeClasspath
org.jetbrains.kotlinx:kotlinx-coroutines-core-jvm:1.8.1=debugCompileClasspath,debugRuntimeClasspath,releaseCompileClasspath,releaseRuntimeClasspath
org.jetbrains.kotlinx:kotlinx-coroutines-core:1.8.1=debugCompileClasspath,debugRuntimeClasspath,releaseCompileClasspath,releaseRuntimeClasspath
org.jetbrains:annotations:23.0.0=debugCompileClasspath,debugRuntimeClasspath,releaseCompileClasspath,releaseRuntimeClasspath
empty=